
Microsoft Visual Studio Solution File, Format Version 10.00
# Visual C++ Express 2008
Project("{8BC9CEB8-8B4A-11D0-8D11-00A0C91BC942}") = "gcpuid", "gcpuid\gcpuid.vcproj", "{BACE5A98-E69B-49E0-8D20-CBF2EAE4E775}"
EndProject
Global
	GlobalSection(SolutionConfigurationPlatforms) = preSolution
		Debug|Win32 = Debug|Win32
		Release|Win32 = Release|Win32
	EndGlobalSection
	GlobalSection(ProjectConfigurationPlatforms) = postSolution
		{BACE5A98-E69B-49E0-8D20-CBF2EAE4E775}.Debug|Win32.ActiveCfg = Debug|Win32
		{BACE5A98-E69B-49E0-8D20-CBF2EAE4E775}.Debug|Win32.Build.0 = Debug|Win32
		{BACE5A98-E69B-49E0-8D20-CBF2EAE4E775}.Release|Win32.ActiveCfg = Release|Win32
		{BACE5A98-E69B-49E0-8D20-CBF2EAE4E775}.Release|Win32.Build.0 = Release|Win32
	EndGlobalSection
	GlobalSection(SolutionProperties) = preSolution
		HideSolutionNode = FALSE
	EndGlobalSection
EndGlobal
